
Microsoft Visual Studio Solution File, Format Version 12.00
# Visual Studio 15
VisualStudioVersion = 15.0.27703.2000
MinimumVisualStudioVersion = 10.0.40219.1
Project("{9A19103F-16F7-4668-BE54-9A1E7A4F7556}") = "Flow", "Flow.csproj", "{5ECEB303-DFEF-4F7E-9391-7717AF8189AE}"
EndProject
Global
	GlobalSection(SolutionConfigurationPlatforms) = preSolution
		Debug|Any CPU = Debug|Any CPU
		Release|Any CPU = Release|Any CPU
	EndGlobalSection
	GlobalSection(ProjectConfigurationPlatforms) = postSolution
		{5ECEB303-DFEF-4F7E-9391-7717AF8189AE}.Debug|Any CPU.ActiveCfg = Debug|Any CPU
		{5ECEB303-DFEF-4F7E-9391-7717AF8189AE}.Debug|Any CPU.Build.0 = Debug|Any CPU
		{5ECEB303-DFEF-4F7E-9391-7717AF8189AE}.Release|Any CPU.ActiveCfg = Release|Any CPU
		{5ECEB303-DFEF-4F7E-9391-7717AF8189AE}.Release|Any CPU.Build.0 = Release|Any CPU
	EndGlobalSection
	GlobalSection(SolutionProperties) = preSolution
		HideSolutionNode = FALSE
	EndGlobalSection
	GlobalSection(ExtensibilityGlobals) = postSolution
		SolutionGuid = {713922E5-BB6C-4CD3-85B1-10217A48183B}
	EndGlobalSection
EndGlobal
